// !$*UTF8*$!
{
	archiveVersion = 1;
	classes = {
	};
	objectVersion = 48;
	objects = {

/* Begin PBXBuildFile section */
		95290773201AC8A200D88880 /* AppDelegate.m in Sources */ = {isa = PBXBuildFile; fileRef = 95290772201AC8A200D88880 /* AppDelegate.m */; };
		95290776201AC8A200D88880 /* ViewController.m in Sources */ = {isa = PBXBuildFile; fileRef = 95290775201AC8A200D88880 /* ViewController.m */; };
		95290779201AC8A200D88880 /* Main.storyboard in Resources */ = {isa = PBXBuildFile; fileRef = 95290777201AC8A200D88880 /* Main.storyboard */; };
		9529077B201AC8A200D88880 /* Assets.xcassets in Resources */ = {isa = PBXBuildFile; fileRef = 9529077A201AC8A200D88880 /* Assets.xcassets */; };
		9529077E201AC8A200D88880 /* LaunchScreen.storyboard in Resources */ = {isa = PBXBuildFile; fileRef = 9529077C201AC8A200D88880 /* LaunchScreen.storyboard */; };
		95290781201AC8A200D88880 /* main.m in Sources */ = {isa = PBXBuildFile; fileRef = 95290780201AC8A200D88880 /* main.m */; };
		9529078B201AC8A300D88880 /* YSC_pthread_NSThread_demoTests.m in Sources */ = {isa = PBXBuildFile; fileRef = 9529078A201AC8A300D88880 /* YSC_pthread_NSThread_demoTests.m */; };
		95290796201AC8A300D88880 /* YSC_pthread_NSThread_demoUITests.m in Sources */ = {isa = PBXBuildFile; fileRef = 95290795201AC8A300D88880 /* YSC_pthread_NSThread_demoUITests.m */; };
/* End PBXBuildFile section */

/* Begin PBXContainerItemProxy section */
		95290787201AC8A300D88880 /* PBXContainerItemProxy */ = {
			isa = PBXContainerItemProxy;
			containerPortal = 95290766201AC8A200D88880 /* Project object */;
			proxyType = 1;
			remoteGlobalIDString = 9529076D201AC8A200D88880;
			remoteInfo = "YSC-pthread-NSThread-demo";
		};
		95290792201AC8A300D88880 /* PBXContainerItemProxy */ = {
			isa = PBXContainerItemProxy;
			containerPortal = 95290766201AC8A200D88880 /* Project object */;
			proxyType = 1;
			remoteGlobalIDString = 9529076D201AC8A200D88880;
			remoteInfo = "YSC-pthread-NSThread-demo";
		};
/* End PBXContainerItemProxy section */

/* Begin PBXFileReference section */
		9529076E201AC8A200D88880 /* YSC-pthread-NSThread-demo.app */ = {isa = PBXFileReference; explicitFileType = wrapper.application; includeInIndex = 0; path = "YSC-pthread-NSThread-demo.app"; sourceTree = BUILT_PRODUCTS_DIR; };
		95290771201AC8A200D88880 /* AppDelegate.h */ = {isa = PBXFileReference; lastKnownFileType = sourcecode.c.h; path = AppDelegate.h; sourceTree = "<group>"; };
		95290772201AC8A200D88880 /* AppDelegate.m */ = {isa = PBXFileReference; lastKnownFileType = sourcecode.c.objc; path = AppDelegate.m; sourceTree = "<group>"; };
		95290774201AC8A200D88880 /* ViewController.h */ = {isa = PBXFileReference; lastKnownFileType = sourcecode.c.h; path = ViewController.h; sourceTree = "<group>"; };
		95290775201AC8A200D88880 /* ViewController.m */ = {isa = PBXFileReference; lastKnownFileType = sourcecode.c.objc; path = ViewController.m; sourceTree = "<group>"; };
		95290778201AC8A200D88880 /* Base */ = {isa = PBXFileReference; lastKnownFileType = file.storyboard; name = Base; path = Base.lproj/Main.storyboard; sourceTree = "<group>"; };
		9529077A201AC8A200D88880 /* Assets.xcassets */ = {isa = PBXFileReference; lastKnownFileType = folder.assetcatalog; path = Assets.xcassets; sourceTree = "<group>"; };
		9529077D201AC8A200D88880 /* Base */ = {isa = PBXFileReference; lastKnownFileType = file.storyboard; name = Base; path = Base.lproj/LaunchScreen.storyboard; sourceTree = "<group>"; };
		9529077F201AC8A200D88880 /* Info.plist */ = {isa = PBXFileReference; lastKnownFileType = text.plist.xml; path = Info.plist; sourceTree = "<group>"; };
		95290780201AC8A200D88880 /* main.m */ = {isa = PBXFileReference; lastKnownFileType = sourcecode.c.objc; path = main.m; sourceTree = "<group>"; };
		95290786201AC8A300D88880 /* YSC-pthread-NSThread-demoTests.xctest */ = {isa = PBXFileReference; explicitFileType = wrapper.cfbundle; includeInIndex = 0; path = "YSC-pthread-NSThread-demoTests.xctest"; sourceTree = BUILT_PRODUCTS_DIR; };
		9529078A201AC8A300D88880 /* YSC_pthread_NSThread_demoTests.m */ = {isa = PBXFileReference; lastKnownFileType = sourcecode.c.objc; path = YSC_pthread_NSThread_demoTests.m; sourceTree = "<group>"; };
		9529078C201AC8A300D88880 /* Info.plist */ = {isa = PBXFileReference; lastKnownFileType = text.plist.xml; path = Info.plist; sourceTree = "<group>"; };
		95290791201AC8A300D88880 /* YSC-pthread-NSThread-demoUITests.xctest */ = {isa = PBXFileReference; explicitFileType = wrapper.cfbundle; includeInIndex = 0; path = "YSC-pthread-NSThread-demoUITests.xctest"; sourceTree = BUILT_PRODUCTS_DIR; };
		95290795201AC8A300D88880 /* YSC_pthread_NSThread_demoUITests.m */ = {isa = PBXFileReference; lastKnownFileType = sourcecode.c.objc; path = YSC_pthread_NSThread_demoUITests.m; sourceTree = "<group>"; };
		95290797201AC8A300D88880 /* Info.plist */ = {isa = PBXFileReference; lastKnownFileType = text.plist.xml; path = Info.plist; sourceTree = "<group>"; };
/* End PBXFileReference section */

/* Begin PBXFrameworksBuildPhase section */
		9529076B201AC8A200D88880 /* Frameworks */ = {
			isa = PBXFrameworksBuildPhase;
			buildActionMask = 2147483647;
			files = (
			);
			runOnlyForDeploymentPostprocessing = 0;
		};
		95290783201AC8A300D88880 /* Frameworks */ = {
			isa = PBXFrameworksBuildPhase;
			buildActionMask = 2147483647;
			files = (
			);
			runOnlyForDeploymentPostprocessing = 0;
		};
		9529078E201AC8A300D88880 /* Frameworks */ = {
			isa = PBXFrameworksBuildPhase;
			buildActionMask = 2147483647;
			files = (
			);
			runOnlyForDeploymentPostprocessing = 0;
		};
/* End PBXFrameworksBuildPhase section */

/* Begin PBXGroup section */
		95290765201AC8A200D88880 = {
			isa = PBXGroup;
			children = (
				95290770201AC8A200D88880 /* YSC-pthread-NSThread-demo */,
				95290789201AC8A300D88880 /* YSC-pthread-NSThread-demoTests */,
				95290794201AC8A300D88880 /* YSC-pthread-NSThread-demoUITests */,
				9529076F201AC8A200D88880 /* Products */,
			);
			sourceTree = "<group>";
		};
		9529076F201AC8A200D88880 /* Products */ = {
			isa = PBXGroup;
			children = (
				9529076E201AC8A200D88880 /* YSC-pthread-NSThread-demo.app */,
				95290786201AC8A300D88880 /* YSC-pthread-NSThread-demoTests.xctest */,
				95290791201AC8A300D88880 /* YSC-pthread-NSThread-demoUITests.xctest */,
			);
			name = Products;
			sourceTree = "<group>";
		};
		95290770201AC8A200D88880 /* YSC-pthread-NSThread-demo */ = {
			isa = PBXGroup;
			children = (
				95290771201AC8A200D88880 /* AppDelegate.h */,
				95290772201AC8A200D88880 /* AppDelegate.m */,
				95290774201AC8A200D88880 /* ViewController.h */,
				95290775201AC8A200D88880 /* ViewController.m */,
				95290777201AC8A200D88880 /* Main.storyboard */,
				9529077A201AC8A200D88880 /* Assets.xcassets */,
				9529077C201AC8A200D88880 /* LaunchScreen.storyboard */,
				9529077F201AC8A200D88880 /* Info.plist */,
				95290780201AC8A200D88880 /* main.m */,
			);
			path = "YSC-pthread-NSThread-demo";
			sourceTree = "<group>";
		};
		95290789201AC8A300D88880 /* YSC-pthread-NSThread-demoTests */ = {
			isa = PBXGroup;
			children = (
				9529078A201AC8A300D88880 /* YSC_pthread_NSThread_demoTests.m */,
				9529078C201AC8A300D88880 /* Info.plist */,
			);
			path = "YSC-pthread-NSThread-demoTests";
			sourceTree = "<group>";
		};
		95290794201AC8A300D88880 /* YSC-pthread-NSThread-demoUITests */ = {
			isa = PBXGroup;
			children = (
				95290795201AC8A300D88880 /* YSC_pthread_NSThread_demoUITests.m */,
				95290797201AC8A300D88880 /* Info.plist */,
			);
			path = "YSC-pthread-NSThread-demoUITests";
			sourceTree = "<group>";
		};
/* End PBXGroup section */

/* Begin PBXNativeTarget section */
		9529076D201AC8A200D88880 /* YSC-pthread-NSThread-demo */ = {
			isa = PBXNativeTarget;
			buildConfigurationList = 9529079A201AC8A300D88880 /* Build configuration list for PBXNativeTarget "YSC-pthread-NSThread-demo" */;
			buildPhases = (
				9529076A201AC8A200D88880 /* Sources */,
				9529076B201AC8A200D88880 /* Frameworks */,
				9529076C201AC8A200D88880 /* Resources */,
			);
			buildRules = (
			);
			dependencies = (
			);
			name = "YSC-pthread-NSThread-demo";
			productName = "YSC-pthread-NSThread-demo";
			productReference = 9529076E201AC8A200D88880 /* YSC-pthread-NSThread-demo.app */;
			productType = "com.apple.product-type.application";
		};
		95290785201AC8A300D88880 /* YSC-pthread-NSThread-demoTests */ = {
			isa = PBXNativeTarget;
			buildConfigurationList = 9529079D201AC8A300D88880 /* Build configuration list for PBXNativeTarget "YSC-pthread-NSThread-demoTests" */;
			buildPhases = (
				95290782201AC8A300D88880 /* Sources */,
				95290783201AC8A300D88880 /* Frameworks */,
				95290784201AC8A300D88880 /* Resources */,
			);
			buildRules = (
			);
			dependencies = (
				95290788201AC8A300D88880 /* PBXTargetDependency */,
			);
			name = "YSC-pthread-NSThread-demoTests";
			productName = "YSC-pthread-NSThread-demoTests";
			productReference = 95290786201AC8A300D88880 /* YSC-pthread-NSThread-demoTests.xctest */;
			productType = "com.apple.product-type.bundle.unit-test";
		};
		95290790201AC8A300D88880 /* YSC-pthread-NSThread-demoUITests */ = {
			isa = PBXNativeTarget;
			buildConfigurationList = 952907A0201AC8A300D88880 /* Build configuration list for PBXNativeTarget "YSC-pthread-NSThread-demoUITests" */;
			buildPhases = (
				9529078D201AC8A300D88880 /* Sources */,
				9529078E201AC8A300D88880 /* Frameworks */,
				9529078F201AC8A300D88880 /* Resources */,
			);
			buildRules = (
			);
			dependencies = (
				95290793201AC8A300D88880 /* PBXTargetDependency */,
			);
			name = "YSC-pthread-NSThread-demoUITests";
			productName = "YSC-pthread-NSThread-demoUITests";
			productReference = 95290791201AC8A300D88880 /* YSC-pthread-NSThread-demoUITests.xctest */;
			productType = "com.apple.product-type.bundle.ui-testing";
		};
/* End PBXNativeTarget section */

/* Begin PBXProject section */
		95290766201AC8A200D88880 /* Project object */ = {
			isa = PBXProject;
			attributes = {
				LastUpgradeCheck = 0920;
				ORGANIZATIONNAME = cn.bujige;
				TargetAttributes = {
					9529076D201AC8A200D88880 = {
						CreatedOnToolsVersion = 9.2;
						ProvisioningStyle = Automatic;
					};
					95290785201AC8A300D88880 = {
						CreatedOnToolsVersion = 9.2;
						ProvisioningStyle = Automatic;
						TestTargetID = 9529076D201AC8A200D88880;
					};
					95290790201AC8A300D88880 = {
						CreatedOnToolsVersion = 9.2;
						ProvisioningStyle = Automatic;
						TestTargetID = 9529076D201AC8A200D88880;
					};
				};
			};
			buildConfigurationList = 95290769201AC8A200D88880 /* Build configuration list for PBXProject "YSC-pthread-NSThread-demo" */;
			compatibilityVersion = "Xcode 8.0";
			developmentRegion = en;
			hasScannedForEncodings = 0;
			knownRegions = (
				en,
				Base,
			);
			mainGroup = 95290765201AC8A200D88880;
			productRefGroup = 9529076F201AC8A200D88880 /* Products */;
			projectDirPath = "";
			projectRoot = "";
			targets = (
				9529076D201AC8A200D88880 /* YSC-pthread-NSThread-demo */,
				95290785201AC8A300D88880 /* YSC-pthread-NSThread-demoTests */,
				95290790201AC8A300D88880 /* YSC-pthread-NSThread-demoUITests */,
			);
		};
/* End PBXProject section */

/* Begin PBXResourcesBuildPhase section */
		9529076C201AC8A200D88880 /* Resources */ = {
			isa = PBXResourcesBuildPhase;
			buildActionMask = 2147483647;
			files = (
				9529077E201AC8A200D88880 /* LaunchScreen.storyboard in Resources */,
				9529077B201AC8A200D88880 /* Assets.xcassets in Resources */,
				95290779201AC8A200D88880 /* Main.storyboard in Resources */,
			);
			runOnlyForDeploymentPostprocessing = 0;
		};
		95290784201AC8A300D88880 /* Resources */ = {
			isa = PBXResourcesBuildPhase;
			buildActionMask = 2147483647;
			files = (
			);
			runOnlyForDeploymentPostprocessing = 0;
		};
		9529078F201AC8A300D88880 /* Resources */ = {
			isa = PBXResourcesBuildPhase;
			buildActionMask = 2147483647;
			files = (
			);
			runOnlyForDeploymentPostprocessing = 0;
		};
/* End PBXResourcesBuildPhase section */

/* Begin PBXSourcesBuildPhase section */
		9529076A201AC8A200D88880 /* Sources */ = {
			isa = PBXSourcesBuildPhase;
			buildActionMask = 2147483647;
			files = (
				95290776201AC8A200D88880 /* ViewController.m in Sources */,
				95290781201AC8A200D88880 /* main.m in Sources */,
				95290773201AC8A200D88880 /* AppDelegate.m in Sources */,
			);
			runOnlyForDeploymentPostprocessing = 0;
		};
		95290782201AC8A300D88880 /* Sources */ = {
			isa = PBXSourcesBuildPhase;
			buildActionMask = 2147483647;
			files = (
				9529078B201AC8A300D88880 /* YSC_pthread_NSThread_demoTests.m in Sources */,
			);
			runOnlyForDeploymentPostprocessing = 0;
		};
		9529078D201AC8A300D88880 /* Sources */ = {
			isa = PBXSourcesBuildPhase;
			buildActionMask = 2147483647;
			files = (
				95290796201AC8A300D88880 /* YSC_pthread_NSThread_demoUITests.m in Sources */,
			);
			runOnlyForDeploymentPostprocessing = 0;
		};
/* End PBXSourcesBuildPhase section */

/* Begin PBXTargetDependency section */
		95290788201AC8A300D88880 /* PBXTargetDependency */ = {
			isa = PBXTargetDependency;
			target = 9529076D201AC8A200D88880 /* YSC-pthread-NSThread-demo */;
			targetProxy = 95290787201AC8A300D88880 /* PBXContainerItemProxy */;
		};
		95290793201AC8A300D88880 /* PBXTargetDependency */ = {
			isa = PBXTargetDependency;
			target = 9529076D201AC8A200D88880 /* YSC-pthread-NSThread-demo */;
			targetProxy = 95290792201AC8A300D88880 /* PBXContainerItemProxy */;
		};
/* End PBXTargetDependency section */

/* Begin PBXVariantGroup section */
		95290777201AC8A200D88880 /* Main.storyboard */ = {
			isa = PBXVariantGroup;
			children = (
				95290778201AC8A200D88880 /* Base */,
			);
			name = Main.storyboard;
			sourceTree = "<group>";
		};
		9529077C201AC8A200D88880 /* LaunchScreen.storyboard */ = {
			isa = PBXVariantGroup;
			children = (
				9529077D201AC8A200D88880 /* Base */,
			);
			name = LaunchScreen.storyboard;
			sourceTree = "<group>";
		};
/* End PBXVariantGroup section */

/* Begin XCBuildConfiguration section */
		95290798201AC8A300D88880 /* Debug */ = {
			isa = XCBuildConfiguration;
			buildSettings = {
				ALWAYS_SEARCH_USER_PATHS = NO;
				CLANG_ANALYZER_NONNULL = YES;
				CLANG_ANALYZER_NUMBER_OBJECT_CONVERSION = YES_AGGRESSIVE;
				CLANG_CXX_LANGUAGE_STANDARD = "gnu++14";
				CLANG_CXX_LIBRARY = "libc++";
				CLANG_ENABLE_MODULES = YES;
				CLANG_ENABLE_OBJC_ARC = YES;
				CLANG_WARN_BLOCK_CAPTURE_AUTORELEASING = YES;
				CLANG_WARN_BOOL_CONVERSION = YES;
				CLANG_WARN_COMMA = YES;
				CLANG_WARN_CONSTANT_CONVERSION = YES;
				CLANG_WARN_DIRECT_OBJC_ISA_USAGE = YES_ERROR;
				CLANG_WARN_DOCUMENTATION_COMMENTS = YES;
				CLANG_WARN_EMPTY_BODY = YES;
				CLANG_WARN_ENUM_CONVERSION = YES;
				CLANG_WARN_INFINITE_RECURSION = YES;
				CLANG_WARN_INT_CONVERSION = YES;
				CLANG_WARN_NON_LITERAL_NULL_CONVERSION = YES;
				CLANG_WARN_OBJC_LITERAL_CONVERSION = YES;
				CLANG_WARN_OBJC_ROOT_CLASS = YES_ERROR;
				CLANG_WARN_RANGE_LOOP_ANALYSIS = YES;
				CLANG_WARN_STRICT_PROTOTYPES = YES;
				CLANG_WARN_SUSPICIOUS_MOVE = YES;
				CLANG_WARN_UNGUARDED_AVAILABILITY = YES_AGGRESSIVE;
				CLANG_WARN_UNREACHABLE_CODE = YES;
				CLANG_WARN__DUPLICATE_METHOD_MATCH = YES;
				CODE_SIGN_IDENTITY = "iPhone Developer";
				COPY_PHASE_STRIP = NO;
				DEBUG_INFORMATION_FORMAT = dwarf;
				ENABLE_STRICT_OBJC_MSGSEND = YES;
				ENABLE_TESTABILITY = YES;
				GCC_C_LANGUAGE_STANDARD = gnu11;
				GCC_DYNAMIC_NO_PIC = NO;
				GCC_NO_COMMON_BLOCKS = YES;
				GCC_OPTIMIZATION_LEVEL = 0;
				GCC_PREPROCESSOR_DEFINITIONS = (
					"DEBUG=1",
					"$(inherited)",
				);
				GCC_WARN_64_TO_32_BIT_CONVERSION = YES;
				GCC_WARN_ABOUT_RETURN_TYPE = YES_ERROR;
				GCC_WARN_UNDECLARED_SELECTOR = YES;
				GCC_WARN_UNINITIALIZED_AUTOS = YES_AGGRESSIVE;
				GCC_WARN_UNUSED_FUNCTION = YES;
				GCC_WARN_UNUSED_VARIABLE = YES;
				IPHONEOS_DEPLOYMENT_TARGET = 11.2;
				MTL_ENABLE_DEBUG_INFO = YES;
				ONLY_ACTIVE_ARCH = YES;
				SDKROOT = iphoneos;
			};
			name = Debug;
		};
		95290799201AC8A300D88880 /* Release */ = {
			isa = XCBuildConfiguration;
			buildSettings = {
				ALWAYS_SEARCH_USER_PATHS = NO;
				CLANG_ANALYZER_NONNULL = YES;
				CLANG_ANALYZER_NUMBER_OBJECT_CONVERSION = YES_AGGRESSIVE;
				CLANG_CXX_LANGUAGE_STANDARD = "gnu++14";
				CLANG_CXX_LIBRARY = "libc++";
				CLANG_ENABLE_MODULES = YES;
				CLANG_ENABLE_OBJC_ARC = YES;
				CLANG_WARN_BLOCK_CAPTURE_AUTORELEASING = YES;
				CLANG_WARN_BOOL_CONVERSION = YES;
				CLANG_WARN_COMMA = YES;
				CLANG_WARN_CONSTANT_CONVERSION = YES;
				CLANG_WARN_DIRECT_OBJC_ISA_USAGE = YES_ERROR;
				CLANG_WARN_DOCUMENTATION_COMMENTS = YES;
				CLANG_WARN_EMPTY_BODY = YES;
				CLANG_WARN_ENUM_CONVERSION = YES;
				CLANG_WARN_INFINITE_RECURSION = YES;
				CLANG_WARN_INT_CONVERSION = YES;
				CLANG_WARN_NON_LITERAL_NULL_CONVERSION = YES;
				CLANG_WARN_OBJC_LITERAL_CONVERSION = YES;
				CLANG_WARN_OBJC_ROOT_CLASS = YES_ERROR;
				CLANG_WARN_RANGE_LOOP_ANALYSIS = YES;
				CLANG_WARN_STRICT_PROTOTYPES = YES;
				CLANG_WARN_SUSPICIOUS_MOVE = YES;
				CLANG_WARN_UNGUARDED_AVAILABILITY = YES_AGGRESSIVE;
				CLANG_WARN_UNREACHABLE_CODE = YES;
				CLANG_WARN__DUPLICATE_METHOD_MATCH = YES;
				CODE_SIGN_IDENTITY = "iPhone Developer";
				COPY_PHASE_STRIP = NO;
				DEBUG_INFORMATION_FORMAT = "dwarf-with-dsym";
				ENABLE_NS_ASSERTIONS = NO;
				ENABLE_STRICT_OBJC_MSGSEND = YES;
				GCC_C_LANGUAGE_STANDARD = gnu11;
				GCC_NO_COMMON_BLOCKS = YES;
				GCC_WARN_64_TO_32_BIT_CONVERSION = YES;
				GCC_WARN_ABOUT_RETURN_TYPE = YES_ERROR;
				GCC_WARN_UNDECLARED_SELECTOR = YES;
				GCC_WARN_UNINITIALIZED_AUTOS = YES_AGGRESSIVE;
				GCC_WARN_UNUSED_FUNCTION = YES;
				GCC_WARN_UNUSED_VARIABLE = YES;
				IPHONEOS_DEPLOYMENT_TARGET = 11.2;
				MTL_ENABLE_DEBUG_INFO = NO;
				SDKROOT = iphoneos;
				VALIDATE_PRODUCT = YES;
			};
			name = Release;
		};
		9529079B201AC8A300D88880 /* Debug */ = {
			isa = XCBuildConfiguration;
			buildSettings = {
				ASSETCATALOG_COMPILER_APPICON_NAME = AppIcon;
				CODE_SIGN_STYLE = Automatic;
				DEVELOPMENT_TEAM = "";
				INFOPLIST_FILE = "YSC-pthread-NSThread-demo/Info.plist";
				IPHONEOS_DEPLOYMENT_TARGET = 9.0;
				LD_RUNPATH_SEARCH_PATHS = "$(inherited) @executable_path/Frameworks";
				PRODUCT_BUNDLE_IDENTIFIER = "cn.bujige.YSC-pthread-NSThread-demo";
				PRODUCT_NAME = "$(TARGET_NAME)";
				TARGETED_DEVICE_FAMILY = "1,2";
			};
			name = Debug;
		};
		9529079C201AC8A300D88880 /* Release */ = {
			isa = XCBuildConfiguration;
			buildSettings = {
				ASSETCATALOG_COMPILER_APPICON_NAME = AppIcon;
				CODE_SIGN_STYLE = Automatic;
				DEVELOPMENT_TEAM = "";
				INFOPLIST_FILE = "YSC-pthread-NSThread-demo/Info.plist";
				IPHONEOS_DEPLOYMENT_TARGET = 9.0;
				LD_RUNPATH_SEARCH_PATHS = "$(inherited) @executable_path/Frameworks";
				PRODUCT_BUNDLE_IDENTIFIER = "cn.bujige.YSC-pthread-NSThread-demo";
				PRODUCT_NAME = "$(TARGET_NAME)";
				TARGETED_DEVICE_FAMILY = "1,2";
			};
			name = Release;
		};
		9529079E201AC8A300D88880 /* Debug */ = {
			isa = XCBuildConfiguration;
			buildSettings = {
				BUNDLE_LOADER = "$(TEST_HOST)";
				CODE_SIGN_STYLE = Automatic;
				DEVELOPMENT_TEAM = APJQQSPWSG;
				INFOPLIST_FILE = "YSC-pthread-NSThread-demoTests/Info.plist";
				LD_RUNPATH_SEARCH_PATHS = "$(inherited) @executable_path/Frameworks @loader_path/Frameworks";
				PRODUCT_BUNDLE_IDENTIFIER = "cn.bujige.YSC-pthread-NSThread-demoTests";
				PRODUCT_NAME = "$(TARGET_NAME)";
				TARGETED_DEVICE_FAMILY = "1,2";
				TEST_HOST = "$(BUILT_PRODUCTS_DIR)/YSC-pthread-NSThread-demo.app/YSC-pthread-NSThread-demo";
			};
			name = Debug;
		};
		9529079F201AC8A300D88880 /* Release */ = {
			isa = XCBuildConfiguration;
			buildSettings = {
				BUNDLE_LOADER = "$(TEST_HOST)";
				CODE_SIGN_STYLE = Automatic;
				DEVELOPMENT_TEAM = APJQQSPWSG;
				INFOPLIST_FILE = "YSC-pthread-NSThread-demoTests/Info.plist";
				LD_RUNPATH_SEARCH_PATHS = "$(inherited) @executable_path/Frameworks @loader_path/Frameworks";
				PRODUCT_BUNDLE_IDENTIFIER = "cn.bujige.YSC-pthread-NSThread-demoTests";
				PRODUCT_NAME = "$(TARGET_NAME)";
				TARGETED_DEVICE_FAMILY = "1,2";
				TEST_HOST = "$(BUILT_PRODUCTS_DIR)/YSC-pthread-NSThread-demo.app/YSC-pthread-NSThread-demo";
			};
			name = Release;
		};
		952907A1201AC8A300D88880 /* Debug */ = {
			isa = XCBuildConfiguration;
			buildSettings = {
				CODE_SIGN_STYLE = Automatic;
				DEVELOPMENT_TEAM = APJQQSPWSG;
				INFOPLIST_FILE = "YSC-pthread-NSThread-demoUITests/Info.plist";
				LD_RUNPATH_SEARCH_PATHS = "$(inherited) @executable_path/Frameworks @loader_path/Frameworks";
				PRODUCT_BUNDLE_IDENTIFIER = "cn.bujige.YSC-pthread-NSThread-demoUITests";
				PRODUCT_NAME = "$(TARGET_NAME)";
				TARGETED_DEVICE_FAMILY = "1,2";
				TEST_TARGET_NAME = "YSC-pthread-NSThread-demo";
			};
			name = Debug;
		};
		952907A2201AC8A300D88880 /* Release */ = {
			isa = XCBuildConfiguration;
			buildSettings = {
				CODE_SIGN_STYLE = Automatic;
				DEVELOPMENT_TEAM = APJQQSPWSG;
				INFOPLIST_FILE = "YSC-pthread-NSThread-demoUITests/Info.plist";
				LD_RUNPATH_SEARCH_PATHS = "$(inherited) @executable_path/Frameworks @loader_path/Frameworks";
				PRODUCT_BUNDLE_IDENTIFIER = "cn.bujige.YSC-pthread-NSThread-demoUITests";
				PRODUCT_NAME = "$(TARGET_NAME)";
				TARGETED_DEVICE_FAMILY = "1,2";
				TEST_TARGET_NAME = "YSC-pthread-NSThread-demo";
			};
			name = Release;
		};
/* End XCBuildConfiguration section */

/* Begin XCConfigurationList section */
		95290769201AC8A200D88880 /* Build configuration list for PBXProject "YSC-pthread-NSThread-demo" */ = {
			isa = XCConfigurationList;
			buildConfigurations = (
				95290798201AC8A300D88880 /* Debug */,
				95290799201AC8A300D88880 /* Release */,
			);
			defaultConfigurationIsVisible = 0;
			defaultConfigurationName = Release;
		};
		9529079A201AC8A300D88880 /* Build configuration list for PBXNativeTarget "YSC-pthread-NSThread-demo" */ = {
			isa = XCConfigurationList;
			buildConfigurations = (
				9529079B201AC8A300D88880 /* Debug */,
				9529079C201AC8A300D88880 /* Release */,
			);
			defaultConfigurationIsVisible = 0;
			defaultConfigurationName = Release;
		};
		9529079D201AC8A300D88880 /* Build configuration list for PBXNativeTarget "YSC-pthread-NSThread-demoTests" */ = {
			isa = XCConfigurationList;
			buildConfigurations = (
				9529079E201AC8A300D88880 /* Debug */,
				9529079F201AC8A300D88880 /* Release */,
			);
			defaultConfigurationIsVisible = 0;
			defaultConfigurationName = Release;
		};
		952907A0201AC8A300D88880 /* Build configuration list for PBXNativeTarget "YSC-pthread-NSThread-demoUITests" */ = {
			isa = XCConfigurationList;
			buildConfigurations = (
				952907A1201AC8A300D88880 /* Debug */,
				952907A2201AC8A300D88880 /* Release */,
			);
			defaultConfigurationIsVisible = 0;
			defaultConfigurationName = Release;
		};
/* End XCConfigurationList section */
	};
	rootObject = 95290766201AC8A200D88880 /* Project object */;
}
